{
	"name": "tests",
	"version": "1.0.0",
	"lockfileVersion": 3,
	"requires": true,
	"packages": {
		"": {
			"name": "tests",
			"version": "1.0.0",
			"license": "ISC",
			"dependencies": {
				"@firere/roact": "^1.5.0-ts.1",
				"@rbxts/compiler-types": "github:roblox-ts/compiler-types",
				"@rbxts/services": "^1.2.0",
				"@rbxts/testez": "^0.4.2-ts.0",
				"@rbxts/types": "^1.0.659"
			}
		},
		"node_modules/@firere/roact": {
			"version": "1.5.0-ts.1",
			"resolved": "https://registry.npmjs.org/@firere/roact/-/roact-1.5.0-ts.1.tgz",
			"integrity": "sha512-okrMmP5BVmOQWgjW6yWwfdiB3smd6cYZNRrAPXTdWkr6cGrHVZoCdlqxazxwnjPacaLulumPzDsYurrYka4v9w=="
		},
		"node_modules/@rbxts/compiler-types": {
			"version": "2.0.4-types.1",
			"resolved": "git+ssh://git@github.com/roblox-ts/compiler-types.git#625ae4f59cc0fd4b33a4c70faa94a1e201a88ab7",
			"license": "MIT"
		},
		"node_modules/@rbxts/services": {
			"version": "1.2.0",
			"resolved": "https://registry.npmjs.org/@rbxts/services/-/services-1.2.0.tgz",
			"integrity": "sha512-GEnAGgRz/oFEfBCjr+UChO7D49c/l+Wgr2OHMkURBKbVAqGg7hVQbEs9PUr+9BuVx/8OlsqZ/cvrUYbwAyd60A=="
		},
		"node_modules/@rbxts/testez": {
			"version": "0.4.2-ts.0",
			"resolved": "https://registry.npmjs.org/@rbxts/testez/-/testez-0.4.2-ts.0.tgz",
			"integrity": "sha512-8Q+OG9ddTD2P3aARCuRKpPqUBvuifgSnHvQMZ6jBMqUzxhIysnb0l4c3vnnaQnvdyZ1OW9tKxcdEHMGTb67uOw=="
		},
		"node_modules/@rbxts/types": {
			"version": "1.0.674",
			"resolved": "https://registry.npmjs.org/@rbxts/types/-/types-1.0.674.tgz",
			"integrity": "sha512-njW+Qumc3NFbYC62fiqoBmBfE0ZAlYuPtI4K/wUnH6R7eSP/Y4nBOpdJ+3bLXmIQMcDjK6Uhf07ma3K8ijdwQg=="
		}
	}
}
